
Microsoft Visual Studio Solution File, Format Version 12.00
# Visual Studio Version 16
VisualStudioVersion = 16.0.31402.337
MinimumVisualStudioVersion = 10.0.40219.1
Project("{FAE04EC0-301F-11D3-BF4B-00C04F79EFBC}") = "Spor_merkezi_uygulamasi", "Spor_merkezi_uygulamasi\Spor_merkezi_uygulamasi.csproj", "{31182678-DAC9-43C6-87BD-F8A4D75EDFC6}"
EndProject
Global
	GlobalSection(SolutionConfigurationPlatforms) = preSolution
		Debug|Any CPU = Debug|Any CPU
		Release|Any CPU = Release|Any CPU
	EndGlobalSection
	GlobalSection(ProjectConfigurationPlatforms) = postSolution
		{31182678-DAC9-43C6-87BD-F8A4D75EDFC6}.Debug|Any CPU.ActiveCfg = Debug|Any CPU
		{31182678-DAC9-43C6-87BD-F8A4D75EDFC6}.Debug|Any CPU.Build.0 = Debug|Any CPU
		{31182678-DAC9-43C6-87BD-F8A4D75EDFC6}.Release|Any CPU.ActiveCfg = Release|Any CPU
		{31182678-DAC9-43C6-87BD-F8A4D75EDFC6}.Release|Any CPU.Build.0 = Release|Any CPU
	EndGlobalSection
	GlobalSection(SolutionProperties) = preSolution
		HideSolutionNode = FALSE
	EndGlobalSection
	GlobalSection(ExtensibilityGlobals) = postSolution
		SolutionGuid = {3FF4A0B7-91AB-4448-84A0-D7AE86443317}
	EndGlobalSection
EndGlobal
